
Microsoft Visual Studio Solution File, Format Version 12.00
# Visual Studio Version 17
VisualStudioVersion = 17.8.34525.116
MinimumVisualStudioVersion = 10.0.40219.1
Project("{9A19103F-16F7-4668-BE54-9A1E7A4F7556}") = "LearnerService", "LearnerService\LearnerService.csproj", "{B4D638C5-CD00-4AEE-8BFD-E05BCED44909}"
EndProject
Project("{FAE04EC0-301F-11D3-BF4B-00C04F79EFBC}") = "EnrollmentService", "EnrollmentService\EnrollmentService.csproj", "{2E71AF64-2D7A-4FFB-BB2E-409BBEEB8D46}"
EndProject
Project("{FAE04EC0-301F-11D3-BF4B-00C04F79EFBC}") = "RabbitConsole", "RabbitConsole\RabbitConsole.csproj", "{53714FEF-CB7A-42C0-AE24-3B36BFF7DA46}"
EndProject
Global
	GlobalSection(SolutionConfigurationPlatforms) = preSolution
		Debug|Any CPU = Debug|Any CPU
		Release|Any CPU = Release|Any CPU
	EndGlobalSection
	GlobalSection(ProjectConfigurationPlatforms) = postSolution
		{B4D638C5-CD00-4AEE-8BFD-E05BCED44909}.Debug|Any CPU.ActiveCfg = Debug|Any CPU
		{B4D638C5-CD00-4AEE-8BFD-E05BCED44909}.Debug|Any CPU.Build.0 = Debug|Any CPU
		{B4D638C5-CD00-4AEE-8BFD-E05BCED44909}.Release|Any CPU.ActiveCfg = Release|Any CPU
		{B4D638C5-CD00-4AEE-8BFD-E05BCED44909}.Release|Any CPU.Build.0 = Release|Any CPU
		{2E71AF64-2D7A-4FFB-BB2E-409BBEEB8D46}.Debug|Any CPU.ActiveCfg = Debug|Any CPU
		{2E71AF64-2D7A-4FFB-BB2E-409BBEEB8D46}.Debug|Any CPU.Build.0 = Debug|Any CPU
		{2E71AF64-2D7A-4FFB-BB2E-409BBEEB8D46}.Release|Any CPU.ActiveCfg = Release|Any CPU
		{2E71AF64-2D7A-4FFB-BB2E-409BBEEB8D46}.Release|Any CPU.Build.0 = Release|Any CPU
		{53714FEF-CB7A-42C0-AE24-3B36BFF7DA46}.Debug|Any CPU.ActiveCfg = Debug|Any CPU
		{53714FEF-CB7A-42C0-AE24-3B36BFF7DA46}.Debug|Any CPU.Build.0 = Debug|Any CPU
		{53714FEF-CB7A-42C0-AE24-3B36BFF7DA46}.Release|Any CPU.ActiveCfg = Release|Any CPU
		{53714FEF-CB7A-42C0-AE24-3B36BFF7DA46}.Release|Any CPU.Build.0 = Release|Any CPU
	EndGlobalSection
	GlobalSection(SolutionProperties) = preSolution
		HideSolutionNode = FALSE
	EndGlobalSection
	GlobalSection(ExtensibilityGlobals) = postSolution
		SolutionGuid = {0B691199-0B16-4C1B-AF38-CAF9CC24C9D8}
	EndGlobalSection
EndGlobal
